<?xml version="1.0" encoding="utf-8"?>
<Project ToolsVersion="4.0" xmlns="http://schemas.microsoft.com/developer/msbuild/2003">
  <ItemGroup>
    <Filter Include="源文件">
      <UniqueIdentifier>{4FC737F1-C7A5-4376-A066-2A32D752A2FF}</UniqueIdentifier>
      <Extensions>cpp;c;cc;cxx;def;odl;idl;hpj;bat;asm;asmx</Extensions>
    </Filter>
    <Filter Include="头文件">
      <UniqueIdentifier>{93995380-89BD-4b04-88EB-625FBE52EBFB}</UniqueIdentifier>
      <Extensions>h;hh;hpp;hxx;hm;inl;inc;ipp;xsd</Extensions>
    </Filter>
    <Filter Include="资源文件">
      <UniqueIdentifier>{67DA6AB6-F800-4c08-8B7A-83BB121AAD01}</UniqueIdentifier>
      <Extensions>rc;ico;cur;bmp;dlg;rc2;rct;bin;rgs;gif;jpg;jpeg;jpe;resx;tiff;tif;png;wav;mfcribbon-ms</Extensions>
    </Filter>
    <Filter Include="源文件\dshow">
      <UniqueIdentifier>{ce6b671e-02ce-4083-ab29-4f1434c0c274}</UniqueIdentifier>
    </Filter>
    <Filter Include="源文件\encoder">
      <UniqueIdentifier>{a7a9a1f2-599b-49bc-a102-f7976e8dfd9f}</UniqueIdentifier>
    </Filter>
  </ItemGroup>
  <ItemGroup>
    <ClCompile Include="core_api_capture.cpp">
      <Filter>源文件</Filter>
    </ClCompile>
    <ClCompile Include="was_api_capture.cpp">
      <Filter>源文件</Filter>
    </ClCompile>
    <ClCompile Include="audio_util.cpp">
      <Filter>源文件</Filter>
    </ClCompile>
    <ClCompile Include="platform-windows.c">
      <Filter>源文件</Filter>
    </ClCompile>
    <ClCompile Include="audio_encode.cpp">
      <Filter>源文件</Filter>
    </ClCompile>
    <ClCompile Include="audio_buffer_mgr.cpp">
      <Filter>源文件</Filter>
    </ClCompile>
    <ClCompile Include="audio_resampler.cpp">
      <Filter>源文件</Filter>
    </ClCompile>
    <ClCompile Include="encoder_aac.cpp">
      <Filter>源文件</Filter>
    </ClCompile>
    <ClCompile Include="dshow\dshow_helps.cpp">
      <Filter>源文件\dshow</Filter>
    </ClCompile>
    <ClCompile Include="dshow\video_capture_dshow.cpp">
      <Filter>源文件\dshow</Filter>
    </ClCompile>
    <ClCompile Include="dshow\sink_filter_ds.cc">
      <Filter>源文件\dshow</Filter>
    </ClCompile>
    <ClCompile Include="dshow\device_info_impl.cpp">
      <Filter>源文件\dshow</Filter>
    </ClCompile>
    <ClCompile Include="dshow\rw_lock.cc">
      <Filter>源文件\dshow</Filter>
    </ClCompile>
    <ClCompile Include="encoder\encoder_h264.cpp">
      <Filter>源文件\encoder</Filter>
    </ClCompile>
    <ClCompile Include="encoder\video_encoder.cpp">
      <Filter>源文件\encoder</Filter>
    </ClCompile>
  </ItemGroup>
  <ItemGroup>
    <ClInclude Include="was_api_capture.h">
      <Filter>源文件</Filter>
    </ClInclude>
    <ClInclude Include="audio_util.h">
      <Filter>源文件</Filter>
    </ClInclude>
    <ClInclude Include="platform.h">
      <Filter>源文件</Filter>
    </ClInclude>
    <ClInclude Include="util_uint64.h">
      <Filter>源文件</Filter>
    </ClInclude>
    <ClInclude Include="audio_encode.h">
      <Filter>源文件</Filter>
    </ClInclude>
    <ClInclude Include="audio_buffer_mgr.h">
      <Filter>源文件</Filter>
    </ClInclude>
    <ClInclude Include="audio_fmt.h">
      <Filter>源文件</Filter>
    </ClInclude>
    <ClInclude Include="audio_resampler.h">
      <Filter>源文件</Filter>
    </ClInclude>
    <ClInclude Include="encoder_aac.h">
      <Filter>源文件</Filter>
    </ClInclude>
    <ClInclude Include="dshow\dshow_helps.h">
      <Filter>源文件\dshow</Filter>
    </ClInclude>
    <ClInclude Include="dshow\video_capture_dshow.h">
      <Filter>源文件\dshow</Filter>
    </ClInclude>
    <ClInclude Include="dshow\video_capture_defines.h">
      <Filter>源文件\dshow</Filter>
    </ClInclude>
    <ClInclude Include="dshow\sink_filter_ds.h">
      <Filter>源文件\dshow</Filter>
    </ClInclude>
    <ClInclude Include="dshow\device_info_impl.h">
      <Filter>源文件\dshow</Filter>
    </ClInclude>
    <ClInclude Include="dshow\rw_lock.h">
      <Filter>源文件\dshow</Filter>
    </ClInclude>
    <ClInclude Include="encoder\encoder_h264.h">
      <Filter>源文件\encoder</Filter>
    </ClInclude>
    <ClInclude Include="encoder\video_encoder.h">
      <Filter>源文件\encoder</Filter>
    </ClInclude>
  </ItemGroup>
</Project>